
Microsoft Visual Studio Solution File, Format Version 9.00
# Visual Studio 2005
Project("{8BC9CEB8-8B4A-11D0-8D11-00A0C91BC942}") = "Arcanoid", "Arcanoid\Arcanoid.vcproj", "{5E00742D-DC71-499B-BBD0-55B2D8DD1A85}"
EndProject
Project("{54435603-DBB4-11D2-8724-00A0C9A8B90C}") = "ArcanoidSetup", "ArcanoidSetup\ArcanoidSetup.vdproj", "{FF65F68A-DC90-44E4-840B-B5376DDCD11B}"
EndProject
Global
	GlobalSection(SolutionConfigurationPlatforms) = preSolution
		Debug|Win32 = Debug|Win32
		Release|Win32 = Release|Win32
	EndGlobalSection
	GlobalSection(ProjectConfigurationPlatforms) = postSolution
		{5E00742D-DC71-499B-BBD0-55B2D8DD1A85}.Debug|Win32.ActiveCfg = Debug|Win32
		{5E00742D-DC71-499B-BBD0-55B2D8DD1A85}.Debug|Win32.Build.0 = Debug|Win32
		{5E00742D-DC71-499B-BBD0-55B2D8DD1A85}.Release|Win32.ActiveCfg = Release|Win32
		{5E00742D-DC71-499B-BBD0-55B2D8DD1A85}.Release|Win32.Build.0 = Release|Win32
		{FF65F68A-DC90-44E4-840B-B5376DDCD11B}.Debug|Win32.ActiveCfg = Debug
		{FF65F68A-DC90-44E4-840B-B5376DDCD11B}.Release|Win32.ActiveCfg = Release
	EndGlobalSection
	GlobalSection(SolutionProperties) = preSolution
		HideSolutionNode = FALSE
	EndGlobalSection
EndGlobal
